
Microsoft Visual Studio Solution File, Format Version 12.00
# Visual Studio Version 16
VisualStudioVersion = 16.0.31229.75
MinimumVisualStudioVersion = 10.0.40219.1
Project("{FAE04EC0-301F-11D3-BF4B-00C04F79EFBC}") = "ViTool", "ViTool\ViTool.csproj", "{5F859A08-A434-4113-8EEA-28C8BA06D03B}"
EndProject
Global
	GlobalSection(SolutionConfigurationPlatforms) = preSolution
		Debug|Any CPU = Debug|Any CPU
		Release|Any CPU = Release|Any CPU
	EndGlobalSection
	GlobalSection(ProjectConfigurationPlatforms) = postSolution
		{5F859A08-A434-4113-8EEA-28C8BA06D03B}.Debug|Any CPU.ActiveCfg = Debug|Any CPU
		{5F859A08-A434-4113-8EEA-28C8BA06D03B}.Debug|Any CPU.Build.0 = Debug|Any CPU
		{5F859A08-A434-4113-8EEA-28C8BA06D03B}.Release|Any CPU.ActiveCfg = Release|Any CPU
		{5F859A08-A434-4113-8EEA-28C8BA06D03B}.Release|Any CPU.Build.0 = Release|Any CPU
	EndGlobalSection
	GlobalSection(SolutionProperties) = preSolution
		HideSolutionNode = FALSE
	EndGlobalSection
	GlobalSection(ExtensibilityGlobals) = postSolution
		SolutionGuid = {36E32BE4-25C8-4264-A18D-9D0F5C243424}
	EndGlobalSection
EndGlobal
